
Microsoft Visual Studio Solution File, Format Version 12.00
# Visual Studio 15
Project("{FAE04EC0-301F-11D3-BF4B-00C04F79EFBC}") = "SlotMachine.Game", "SlotMachine.Game\SlotMachine.Game.csproj", "{D35E6583-470D-40CE-921F-8CBABD5DB9D8}"
EndProject
Project("{FAE04EC0-301F-11D3-BF4B-00C04F79EFBC}") = "SlotMachine.Lib", "SlotMachine.Lib\SlotMachine.Lib.csproj", "{855DE5F2-10C1-46FB-8E80-1BC44514F3CA}"
EndProject
Global
	GlobalSection(SolutionConfigurationPlatforms) = preSolution
		Debug|Any CPU = Debug|Any CPU
		Release|Any CPU = Release|Any CPU
	EndGlobalSection
	GlobalSection(ProjectConfigurationPlatforms) = postSolution
		{D35E6583-470D-40CE-921F-8CBABD5DB9D8}.Debug|Any CPU.ActiveCfg = Debug|Any CPU
		{D35E6583-470D-40CE-921F-8CBABD5DB9D8}.Debug|Any CPU.Build.0 = Debug|Any CPU
		{D35E6583-470D-40CE-921F-8CBABD5DB9D8}.Release|Any CPU.ActiveCfg = Release|Any CPU
		{D35E6583-470D-40CE-921F-8CBABD5DB9D8}.Release|Any CPU.Build.0 = Release|Any CPU
		{855DE5F2-10C1-46FB-8E80-1BC44514F3CA}.Debug|Any CPU.ActiveCfg = Debug|Any CPU
		{855DE5F2-10C1-46FB-8E80-1BC44514F3CA}.Debug|Any CPU.Build.0 = Debug|Any CPU
		{855DE5F2-10C1-46FB-8E80-1BC44514F3CA}.Release|Any CPU.ActiveCfg = Release|Any CPU
		{855DE5F2-10C1-46FB-8E80-1BC44514F3CA}.Release|Any CPU.Build.0 = Release|Any CPU
	EndGlobalSection
EndGlobal
